// !$*UTF8*$!
{
	archiveVersion = 1;
	classes = {
	};
	objectVersion = 48;
	objects = {

/* Begin PBXBuildFile section */
		A2742DB42088F49700230255 /* AppDelegate.swift in Sources */ = {isa = PBXBuildFile; fileRef = A2742DB32088F49600230255 /* AppDelegate.swift */; };
		A2742DB62088F49700230255 /* ViewController.swift in Sources */ = {isa = PBXBuildFile; fileRef = A2742DB52088F49700230255 /* ViewController.swift */; };
		A2742DB92088F49700230255 /* Main.storyboard in Resources */ = {isa = PBXBuildFile; fileRef = A2742DB72088F49700230255 /* Main.storyboard */; };
		A2742DBB2088F49700230255 /* Assets.xcassets in Resources */ = {isa = PBXBuildFile; fileRef = A2742DBA2088F49700230255 /* Assets.xcassets */; };
		A2742DBE2088F49700230255 /* LaunchScreen.storyboard in Resources */ = {isa = PBXBuildFile; fileRef = A2742DBC2088F49700230255 /* LaunchScreen.storyboard */; };
		A2742DC92088F49700230255 /* Desiree_14120433Tests.swift in Sources */ = {isa = PBXBuildFile; fileRef = A2742DC82088F49700230255 /* Desiree_14120433Tests.swift */; };
		A2742DD42088F49700230255 /* Desiree_14120433UITests.swift in Sources */ = {isa = PBXBuildFile; fileRef = A2742DD32088F49700230255 /* Desiree_14120433UITests.swift */; };
		A2742DE32088F50800230255 /* Runner.png in Resources */ = {isa = PBXBuildFile; fileRef = A2742DE12088F50800230255 /* Runner.png */; };
		A2742DE42088F50800230255 /* running track.png in Resources */ = {isa = PBXBuildFile; fileRef = A2742DE22088F50800230255 /* running track.png */; };
		A2742F5620898D9B00230255 /* line.png in Resources */ = {isa = PBXBuildFile; fileRef = A2742F5520898D9B00230255 /* line.png */; };
		A2742F582089900F00230255 /* dragObject.swift in Sources */ = {isa = PBXBuildFile; fileRef = A2742F572089900F00230255 /* dragObject.swift */; };
		A2742F5E2089912500230255 /* yellowRunner.png in Resources */ = {isa = PBXBuildFile; fileRef = A2742F592089912300230255 /* yellowRunner.png */; };
		A2742F5F2089912500230255 /* redRunner.png in Resources */ = {isa = PBXBuildFile; fileRef = A2742F5A2089912400230255 /* redRunner.png */; };
		A2742F602089912500230255 /* greyRunner.png in Resources */ = {isa = PBXBuildFile; fileRef = A2742F5B2089912500230255 /* greyRunner.png */; };
		A2742F612089912500230255 /* greenRunner.png in Resources */ = {isa = PBXBuildFile; fileRef = A2742F5C2089912500230255 /* greenRunner.png */; };
		A2742F622089912500230255 /* whiteRunner.png in Resources */ = {isa = PBXBuildFile; fileRef = A2742F5D2089912500230255 /* whiteRunner.png */; };
/* End PBXBuildFile section */

/* Begin PBXContainerItemProxy section */
		A2742DC52088F49700230255 /* PBXContainerItemProxy */ = {
			isa = PBXContainerItemProxy;
			containerPortal = A2742DA82088F49600230255 /* Project object */;
			proxyType = 1;
			remoteGlobalIDString = A2742DAF2088F49600230255;
			remoteInfo = Desiree_14120433;
		};
		A2742DD02088F49700230255 /* PBXContainerItemProxy */ = {
			isa = PBXContainerItemProxy;
			containerPortal = A2742DA82088F49600230255 /* Project object */;
			proxyType = 1;
			remoteGlobalIDString = A2742DAF2088F49600230255;
			remoteInfo = Desiree_14120433;
		};
/* End PBXContainerItemProxy section */

/* Begin PBXFileReference section */
		A2742DB02088F49600230255 /* Desiree_14120433.app */ = {isa = PBXFileReference; explicitFileType = wrapper.application; includeInIndex = 0; path = Desiree_14120433.app; sourceTree = BUILT_PRODUCTS_DIR; };
		A2742DB32088F49600230255 /* AppDelegate.swift */ = {isa = PBXFileReference; lastKnownFileType = sourcecode.swift; path = AppDelegate.swift; sourceTree = "<group>"; };
		A2742DB52088F49700230255 /* ViewController.swift */ = {isa = PBXFileReference; lastKnownFileType = sourcecode.swift; path = ViewController.swift; sourceTree = "<group>"; };
		A2742DB82088F49700230255 /* Base */ = {isa = PBXFileReference; lastKnownFileType = file.storyboard; name = Base; path = Base.lproj/Main.storyboard; sourceTree = "<group>"; };
		A2742DBA2088F49700230255 /* Assets.xcassets */ = {isa = PBXFileReference; lastKnownFileType = folder.assetcatalog; path = Assets.xcassets; sourceTree = "<group>"; };
		A2742DBD2088F49700230255 /* Base */ = {isa = PBXFileReference; lastKnownFileType = file.storyboard; name = Base; path = Base.lproj/LaunchScreen.storyboard; sourceTree = "<group>"; };
		A2742DBF2088F49700230255 /* Info.plist */ = {isa = PBXFileReference; lastKnownFileType = text.plist.xml; path = Info.plist; sourceTree = "<group>"; };
		A2742DC42088F49700230255 /* Desiree_14120433Tests.xctest */ = {isa = PBXFileReference; explicitFileType = wrapper.cfbundle; includeInIndex = 0; path = Desiree_14120433Tests.xctest; sourceTree = BUILT_PRODUCTS_DIR; };
		A2742DC82088F49700230255 /* Desiree_14120433Tests.swift */ = {isa = PBXFileReference; lastKnownFileType = sourcecode.swift; path = Desiree_14120433Tests.swift; sourceTree = "<group>"; };
		A2742DCA2088F49700230255 /* Info.plist */ = {isa = PBXFileReference; lastKnownFileType = text.plist.xml; path = Info.plist; sourceTree = "<group>"; };
		A2742DCF2088F49700230255 /* Desiree_14120433UITests.xctest */ = {isa = PBXFileReference; explicitFileType = wrapper.cfbundle; includeInIndex = 0; path = Desiree_14120433UITests.xctest; sourceTree = BUILT_PRODUCTS_DIR; };
		A2742DD32088F49700230255 /* Desiree_14120433UITests.swift */ = {isa = PBXFileReference; lastKnownFileType = sourcecode.swift; path = Desiree_14120433UITests.swift; sourceTree = "<group>"; };
		A2742DD52088F49800230255 /* Info.plist */ = {isa = PBXFileReference; lastKnownFileType = text.plist.xml; path = Info.plist; sourceTree = "<group>"; };
		A2742DE12088F50800230255 /* Runner.png */ = {isa = PBXFileReference; lastKnownFileType = image.png; path = Runner.png; sourceTree = "<group>"; };
		A2742DE22088F50800230255 /* running track.png */ = {isa = PBXFileReference; lastKnownFileType = image.png; path = "running track.png"; sourceTree = "<group>"; };
		A2742F5520898D9B00230255 /* line.png */ = {isa = PBXFileReference; lastKnownFileType = image.png; path = line.png; sourceTree = "<group>"; };
		A2742F572089900F00230255 /* dragObject.swift */ = {isa = PBXFileReference; lastKnownFileType = sourcecode.swift; path = dragObject.swift; sourceTree = "<group>"; };
		A2742F592089912300230255 /* yellowRunner.png */ = {isa = PBXFileReference; lastKnownFileType = image.png; path = yellowRunner.png; sourceTree = "<group>"; };
		A2742F5A2089912400230255 /* redRunner.png */ = {isa = PBXFileReference; lastKnownFileType = image.png; path = redRunner.png; sourceTree = "<group>"; };
		A2742F5B2089912500230255 /* greyRunner.png */ = {isa = PBXFileReference; lastKnownFileType = image.png; path = greyRunner.png; sourceTree = "<group>"; };
		A2742F5C2089912500230255 /* greenRunner.png */ = {isa = PBXFileReference; lastKnownFileType = image.png; path = greenRunner.png; sourceTree = "<group>"; };
		A2742F5D2089912500230255 /* whiteRunner.png */ = {isa = PBXFileReference; lastKnownFileType = image.png; path = whiteRunner.png; sourceTree = "<group>"; };
/* End PBXFileReference section */

/* Begin PBXFrameworksBuildPhase section */
		A2742DAD2088F49600230255 /* Frameworks */ = {
			isa = PBXFrameworksBuildPhase;
			buildActionMask = 2147483647;
			files = (
			);
			runOnlyForDeploymentPostprocessing = 0;
		};
		A2742DC12088F49700230255 /* Frameworks */ = {
			isa = PBXFrameworksBuildPhase;
			buildActionMask = 2147483647;
			files = (
			);
			runOnlyForDeploymentPostprocessing = 0;
		};
		A2742DCC2088F49700230255 /* Frameworks */ = {
			isa = PBXFrameworksBuildPhase;
			buildActionMask = 2147483647;
			files = (
			);
			runOnlyForDeploymentPostprocessing = 0;
		};
/* End PBXFrameworksBuildPhase section */

/* Begin PBXGroup section */
		A2742DA72088F49600230255 = {
			isa = PBXGroup;
			children = (
				A2742DB22088F49600230255 /* Desiree_14120433 */,
				A2742DC72088F49700230255 /* Desiree_14120433Tests */,
				A2742DD22088F49700230255 /* Desiree_14120433UITests */,
				A2742DB12088F49600230255 /* Products */,
			);
			sourceTree = "<group>";
		};
		A2742DB12088F49600230255 /* Products */ = {
			isa = PBXGroup;
			children = (
				A2742DB02088F49600230255 /* Desiree_14120433.app */,
				A2742DC42088F49700230255 /* Desiree_14120433Tests.xctest */,
				A2742DCF2088F49700230255 /* Desiree_14120433UITests.xctest */,
			);
			name = Products;
			sourceTree = "<group>";
		};
		A2742DB22088F49600230255 /* Desiree_14120433 */ = {
			isa = PBXGroup;
			children = (
				A2742DB32088F49600230255 /* AppDelegate.swift */,
				A2742DB52088F49700230255 /* ViewController.swift */,
				A2742F572089900F00230255 /* dragObject.swift */,
				A2742F5C2089912500230255 /* greenRunner.png */,
				A2742F5B2089912500230255 /* greyRunner.png */,
				A2742F5A2089912400230255 /* redRunner.png */,
				A2742F5D2089912500230255 /* whiteRunner.png */,
				A2742F592089912300230255 /* yellowRunner.png */,
				A2742DE12088F50800230255 /* Runner.png */,
				A2742DE22088F50800230255 /* running track.png */,
				A2742DB72088F49700230255 /* Main.storyboard */,
				A2742F5520898D9B00230255 /* line.png */,
				A2742DBA2088F49700230255 /* Assets.xcassets */,
				A2742DBC2088F49700230255 /* LaunchScreen.storyboard */,
				A2742DBF2088F49700230255 /* Info.plist */,
			);
			path = Desiree_14120433;
			sourceTree = "<group>";
		};
		A2742DC72088F49700230255 /* Desiree_14120433Tests */ = {
			isa = PBXGroup;
			children = (
				A2742DC82088F49700230255 /* Desiree_14120433Tests.swift */,
				A2742DCA2088F49700230255 /* Info.plist */,
			);
			path = Desiree_14120433Tests;
			sourceTree = "<group>";
		};
		A2742DD22088F49700230255 /* Desiree_14120433UITests */ = {
			isa = PBXGroup;
			children = (
				A2742DD32088F49700230255 /* Desiree_14120433UITests.swift */,
				A2742DD52088F49800230255 /* Info.plist */,
			);
			path = Desiree_14120433UITests;
			sourceTree = "<group>";
		};
/* End PBXGroup section */

/* Begin PBXNativeTarget section */
		A2742DAF2088F49600230255 /* Desiree_14120433 */ = {
			isa = PBXNativeTarget;
			buildConfigurationList = A2742DD82088F49800230255 /* Build configuration list for PBXNativeTarget "Desiree_14120433" */;
			buildPhases = (
				A2742DAC2088F49600230255 /* Sources */,
				A2742DAD2088F49600230255 /* Frameworks */,
				A2742DAE2088F49600230255 /* Resources */,
			);
			buildRules = (
			);
			dependencies = (
			);
			name = Desiree_14120433;
			productName = Desiree_14120433;
			productReference = A2742DB02088F49600230255 /* Desiree_14120433.app */;
			productType = "com.apple.product-type.application";
		};
		A2742DC32088F49700230255 /* Desiree_14120433Tests */ = {
			isa = PBXNativeTarget;
			buildConfigurationList = A2742DDB2088F49800230255 /* Build configuration list for PBXNativeTarget "Desiree_14120433Tests" */;
			buildPhases = (
				A2742DC02088F49700230255 /* Sources */,
				A2742DC12088F49700230255 /* Frameworks */,
				A2742DC22088F49700230255 /* Resources */,
			);
			buildRules = (
			);
			dependencies = (
				A2742DC62088F49700230255 /* PBXTargetDependency */,
			);
			name = Desiree_14120433Tests;
			productName = Desiree_14120433Tests;
			productReference = A2742DC42088F49700230255 /* Desiree_14120433Tests.xctest */;
			productType = "com.apple.product-type.bundle.unit-test";
		};
		A2742DCE2088F49700230255 /* Desiree_14120433UITests */ = {
			isa = PBXNativeTarget;
			buildConfigurationList = A2742DDE2088F49800230255 /* Build configuration list for PBXNativeTarget "Desiree_14120433UITests" */;
			buildPhases = (
				A2742DCB2088F49700230255 /* Sources */,
				A2742DCC2088F49700230255 /* Frameworks */,
				A2742DCD2088F49700230255 /* Resources */,
			);
			buildRules = (
			);
			dependencies = (
				A2742DD12088F49700230255 /* PBXTargetDependency */,
			);
			name = Desiree_14120433UITests;
			productName = Desiree_14120433UITests;
			productReference = A2742DCF2088F49700230255 /* Desiree_14120433UITests.xctest */;
			productType = "com.apple.product-type.bundle.ui-testing";
		};
/* End PBXNativeTarget section */

/* Begin PBXProject section */
		A2742DA82088F49600230255 /* Project object */ = {
			isa = PBXProject;
			attributes = {
				LastSwiftUpdateCheck = 0920;
				LastUpgradeCheck = 0920;
				ORGANIZATIONNAME = "Desiree Comas";
				TargetAttributes = {
					A2742DAF2088F49600230255 = {
						CreatedOnToolsVersion = 9.2;
						ProvisioningStyle = Automatic;
					};
					A2742DC32088F49700230255 = {
						CreatedOnToolsVersion = 9.2;
						ProvisioningStyle = Automatic;
						TestTargetID = A2742DAF2088F49600230255;
					};
					A2742DCE2088F49700230255 = {
						CreatedOnToolsVersion = 9.2;
						ProvisioningStyle = Automatic;
						TestTargetID = A2742DAF2088F49600230255;
					};
				};
			};
			buildConfigurationList = A2742DAB2088F49600230255 /* Build configuration list for PBXProject "Desiree_14120433" */;
			compatibilityVersion = "Xcode 8.0";
			developmentRegion = en;
			hasScannedForEncodings = 0;
			knownRegions = (
				en,
				Base,
			);
			mainGroup = A2742DA72088F49600230255;
			productRefGroup = A2742DB12088F49600230255 /* Products */;
			projectDirPath = "";
			projectRoot = "";
			targets = (
				A2742DAF2088F49600230255 /* Desiree_14120433 */,
				A2742DC32088F49700230255 /* Desiree_14120433Tests */,
				A2742DCE2088F49700230255 /* Desiree_14120433UITests */,
			);
		};
/* End PBXProject section */

/* Begin PBXResourcesBuildPhase section */
		A2742DAE2088F49600230255 /* Resources */ = {
			isa = PBXResourcesBuildPhase;
			buildActionMask = 2147483647;
			files = (
				A2742DBE2088F49700230255 /* LaunchScreen.storyboard in Resources */,
				A2742DBB2088F49700230255 /* Assets.xcassets in Resources */,
				A2742DB92088F49700230255 /* Main.storyboard in Resources */,
				A2742DE42088F50800230255 /* running track.png in Resources */,
				A2742DE32088F50800230255 /* Runner.png in Resources */,
				A2742F5F2089912500230255 /* redRunner.png in Resources */,
				A2742F5620898D9B00230255 /* line.png in Resources */,
				A2742F602089912500230255 /* greyRunner.png in Resources */,
				A2742F5E2089912500230255 /* yellowRunner.png in Resources */,
				A2742F622089912500230255 /* whiteRunner.png in Resources */,
				A2742F612089912500230255 /* greenRunner.png in Resources */,
			);
			runOnlyForDeploymentPostprocessing = 0;
		};
		A2742DC22088F49700230255 /* Resources */ = {
			isa = PBXResourcesBuildPhase;
			buildActionMask = 2147483647;
			files = (
			);
			runOnlyForDeploymentPostprocessing = 0;
		};
		A2742DCD2088F49700230255 /* Resources */ = {
			isa = PBXResourcesBuildPhase;
			buildActionMask = 2147483647;
			files = (
			);
			runOnlyForDeploymentPostprocessing = 0;
		};
/* End PBXResourcesBuildPhase section */

/* Begin PBXSourcesBuildPhase section */
		A2742DAC2088F49600230255 /* Sources */ = {
			isa = PBXSourcesBuildPhase;
			buildActionMask = 2147483647;
			files = (
				A2742DB62088F49700230255 /* ViewController.swift in Sources */,
				A2742F582089900F00230255 /* dragObject.swift in Sources */,
				A2742DB42088F49700230255 /* AppDelegate.swift in Sources */,
			);
			runOnlyForDeploymentPostprocessing = 0;
		};
		A2742DC02088F49700230255 /* Sources */ = {
			isa = PBXSourcesBuildPhase;
			buildActionMask = 2147483647;
			files = (
				A2742DC92088F49700230255 /* Desiree_14120433Tests.swift in Sources */,
			);
			runOnlyForDeploymentPostprocessing = 0;
		};
		A2742DCB2088F49700230255 /* Sources */ = {
			isa = PBXSourcesBuildPhase;
			buildActionMask = 2147483647;
			files = (
				A2742DD42088F49700230255 /* Desiree_14120433UITests.swift in Sources */,
			);
			runOnlyForDeploymentPostprocessing = 0;
		};
/* End PBXSourcesBuildPhase section */

/* Begin PBXTargetDependency section */
		A2742DC62088F49700230255 /* PBXTargetDependency */ = {
			isa = PBXTargetDependency;
			target = A2742DAF2088F49600230255 /* Desiree_14120433 */;
			targetProxy = A2742DC52088F49700230255 /* PBXContainerItemProxy */;
		};
		A2742DD12088F49700230255 /* PBXTargetDependency */ = {
			isa = PBXTargetDependency;
			target = A2742DAF2088F49600230255 /* Desiree_14120433 */;
			targetProxy = A2742DD02088F49700230255 /* PBXContainerItemProxy */;
		};
/* End PBXTargetDependency section */

/* Begin PBXVariantGroup section */
		A2742DB72088F49700230255 /* Main.storyboard */ = {
			isa = PBXVariantGroup;
			children = (
				A2742DB82088F49700230255 /* Base */,
			);
			name = Main.storyboard;
			sourceTree = "<group>";
		};
		A2742DBC2088F49700230255 /* LaunchScreen.storyboard */ = {
			isa = PBXVariantGroup;
			children = (
				A2742DBD2088F49700230255 /* Base */,
			);
			name = LaunchScreen.storyboard;
			sourceTree = "<group>";
		};
/* End PBXVariantGroup section */

/* Begin XCBuildConfiguration section */
		A2742DD62088F49800230255 /* Debug */ = {
			isa = XCBuildConfiguration;
			buildSettings = {
				ALWAYS_SEARCH_USER_PATHS = NO;
				CLANG_ANALYZER_NONNULL = YES;
				CLANG_ANALYZER_NUMBER_OBJECT_CONVERSION = YES_AGGRESSIVE;
				CLANG_CXX_LANGUAGE_STANDARD = "gnu++14";
				CLANG_CXX_LIBRARY = "libc++";
				CLANG_ENABLE_MODULES = YES;
				CLANG_ENABLE_OBJC_ARC = YES;
				CLANG_WARN_BLOCK_CAPTURE_AUTORELEASING = YES;
				CLANG_WARN_BOOL_CONVERSION = YES;
				CLANG_WARN_COMMA = YES;
				CLANG_WARN_CONSTANT_CONVERSION = YES;
				CLANG_WARN_DIRECT_OBJC_ISA_USAGE = YES_ERROR;
				CLANG_WARN_DOCUMENTATION_COMMENTS = YES;
				CLANG_WARN_EMPTY_BODY = YES;
				CLANG_WARN_ENUM_CONVERSION = YES;
				CLANG_WARN_INFINITE_RECURSION = YES;
				CLANG_WARN_INT_CONVERSION = YES;
				CLANG_WARN_NON_LITERAL_NULL_CONVERSION = YES;
				CLANG_WARN_OBJC_LITERAL_CONVERSION = YES;
				CLANG_WARN_OBJC_ROOT_CLASS = YES_ERROR;
				CLANG_WARN_RANGE_LOOP_ANALYSIS = YES;
				CLANG_WARN_STRICT_PROTOTYPES = YES;
				CLANG_WARN_SUSPICIOUS_MOVE = YES;
				CLANG_WARN_UNGUARDED_AVAILABILITY = YES_AGGRESSIVE;
				CLANG_WARN_UNREACHABLE_CODE = YES;
				CLANG_WARN__DUPLICATE_METHOD_MATCH = YES;
				CODE_SIGN_IDENTITY = "iPhone Developer";
				COPY_PHASE_STRIP = NO;
				DEBUG_INFORMATION_FORMAT = dwarf;
				ENABLE_STRICT_OBJC_MSGSEND = YES;
				ENABLE_TESTABILITY = YES;
				GCC_C_LANGUAGE_STANDARD = gnu11;
				GCC_DYNAMIC_NO_PIC = NO;
				GCC_NO_COMMON_BLOCKS = YES;
				GCC_OPTIMIZATION_LEVEL = 0;
				GCC_PREPROCESSOR_DEFINITIONS = (
					"DEBUG=1",
					"$(inherited)",
				);
				GCC_WARN_64_TO_32_BIT_CONVERSION = YES;
				GCC_WARN_ABOUT_RETURN_TYPE = YES_ERROR;
				GCC_WARN_UNDECLARED_SELECTOR = YES;
				GCC_WARN_UNINITIALIZED_AUTOS = YES_AGGRESSIVE;
				GCC_WARN_UNUSED_FUNCTION = YES;
				GCC_WARN_UNUSED_VARIABLE = YES;
				IPHONEOS_DEPLOYMENT_TARGET = 11.2;
				MTL_ENABLE_DEBUG_INFO = YES;
				ONLY_ACTIVE_ARCH = YES;
				SDKROOT = iphoneos;
				SWIFT_ACTIVE_COMPILATION_CONDITIONS = DEBUG;
				SWIFT_OPTIMIZATION_LEVEL = "-Onone";
			};
			name = Debug;
		};
		A2742DD72088F49800230255 /* Release */ = {
			isa = XCBuildConfiguration;
			buildSettings = {
				ALWAYS_SEARCH_USER_PATHS = NO;
				CLANG_ANALYZER_NONNULL = YES;
				CLANG_ANALYZER_NUMBER_OBJECT_CONVERSION = YES_AGGRESSIVE;
				CLANG_CXX_LANGUAGE_STANDARD = "gnu++14";
				CLANG_CXX_LIBRARY = "libc++";
				CLANG_ENABLE_MODULES = YES;
				CLANG_ENABLE_OBJC_ARC = YES;
				CLANG_WARN_BLOCK_CAPTURE_AUTORELEASING = YES;
				CLANG_WARN_BOOL_CONVERSION = YES;
				CLANG_WARN_COMMA = YES;
				CLANG_WARN_CONSTANT_CONVERSION = YES;
				CLANG_WARN_DIRECT_OBJC_ISA_USAGE = YES_ERROR;
				CLANG_WARN_DOCUMENTATION_COMMENTS = YES;
				CLANG_WARN_EMPTY_BODY = YES;
				CLANG_WARN_ENUM_CONVERSION = YES;
				CLANG_WARN_INFINITE_RECURSION = YES;
				CLANG_WARN_INT_CONVERSION = YES;
				CLANG_WARN_NON_LITERAL_NULL_CONVERSION = YES;
				CLANG_WARN_OBJC_LITERAL_CONVERSION = YES;
				CLANG_WARN_OBJC_ROOT_CLASS = YES_ERROR;
				CLANG_WARN_RANGE_LOOP_ANALYSIS = YES;
				CLANG_WARN_STRICT_PROTOTYPES = YES;
				CLANG_WARN_SUSPICIOUS_MOVE = YES;
				CLANG_WARN_UNGUARDED_AVAILABILITY = YES_AGGRESSIVE;
				CLANG_WARN_UNREACHABLE_CODE = YES;
				CLANG_WARN__DUPLICATE_METHOD_MATCH = YES;
				CODE_SIGN_IDENTITY = "iPhone Developer";
				COPY_PHASE_STRIP = NO;
				DEBUG_INFORMATION_FORMAT = "dwarf-with-dsym";
				ENABLE_NS_ASSERTIONS = NO;
				ENABLE_STRICT_OBJC_MSGSEND = YES;
				GCC_C_LANGUAGE_STANDARD = gnu11;
				GCC_NO_COMMON_BLOCKS = YES;
				GCC_WARN_64_TO_32_BIT_CONVERSION = YES;
				GCC_WARN_ABOUT_RETURN_TYPE = YES_ERROR;
				GCC_WARN_UNDECLARED_SELECTOR = YES;
				GCC_WARN_UNINITIALIZED_AUTOS = YES_AGGRESSIVE;
				GCC_WARN_UNUSED_FUNCTION = YES;
				GCC_WARN_UNUSED_VARIABLE = YES;
				IPHONEOS_DEPLOYMENT_TARGET = 11.2;
				MTL_ENABLE_DEBUG_INFO = NO;
				SDKROOT = iphoneos;
				SWIFT_OPTIMIZATION_LEVEL = "-Owholemodule";
				VALIDATE_PRODUCT = YES;
			};
			name = Release;
		};
		A2742DD92088F49800230255 /* Debug */ = {
			isa = XCBuildConfiguration;
			buildSettings = {
				ASSETCATALOG_COMPILER_APPICON_NAME = AppIcon;
				CODE_SIGN_STYLE = Automatic;
				INFOPLIST_FILE = Desiree_14120433/Info.plist;
				LD_RUNPATH_SEARCH_PATHS = "$(inherited) @executable_path/Frameworks";
				PRODUCT_BUNDLE_IDENTIFIER = "attempt1.Desiree-14120433";
				PRODUCT_NAME = "$(TARGET_NAME)";
				SWIFT_VERSION = 4.0;
				TARGETED_DEVICE_FAMILY = "1,2";
			};
			name = Debug;
		};
		A2742DDA2088F49800230255 /* Release */ = {
			isa = XCBuildConfiguration;
			buildSettings = {
				ASSETCATALOG_COMPILER_APPICON_NAME = AppIcon;
				CODE_SIGN_STYLE = Automatic;
				INFOPLIST_FILE = Desiree_14120433/Info.plist;
				LD_RUNPATH_SEARCH_PATHS = "$(inherited) @executable_path/Frameworks";
				PRODUCT_BUNDLE_IDENTIFIER = "attempt1.Desiree-14120433";
				PRODUCT_NAME = "$(TARGET_NAME)";
				SWIFT_VERSION = 4.0;
				TARGETED_DEVICE_FAMILY = "1,2";
			};
			name = Release;
		};
		A2742DDC2088F49800230255 /* Debug */ = {
			isa = XCBuildConfiguration;
			buildSettings = {
				ALWAYS_EMBED_SWIFT_STANDARD_LIBRARIES = YES;
				BUNDLE_LOADER = "$(TEST_HOST)";
				CODE_SIGN_STYLE = Automatic;
				INFOPLIST_FILE = Desiree_14120433Tests/Info.plist;
				LD_RUNPATH_SEARCH_PATHS = "$(inherited) @executable_path/Frameworks @loader_path/Frameworks";
				PRODUCT_BUNDLE_IDENTIFIER = "attempt1.Desiree-14120433Tests";
				PRODUCT_NAME = "$(TARGET_NAME)";
				SWIFT_VERSION = 4.0;
				TARGETED_DEVICE_FAMILY = "1,2";
				TEST_HOST = "$(BUILT_PRODUCTS_DIR)/Desiree_14120433.app/Desiree_14120433";
			};
			name = Debug;
		};
		A2742DDD2088F49800230255 /* Release */ = {
			isa = XCBuildConfiguration;
			buildSettings = {
				ALWAYS_EMBED_SWIFT_STANDARD_LIBRARIES = YES;
				BUNDLE_LOADER = "$(TEST_HOST)";
				CODE_SIGN_STYLE = Automatic;
				INFOPLIST_FILE = Desiree_14120433Tests/Info.plist;
				LD_RUNPATH_SEARCH_PATHS = "$(inherited) @executable_path/Frameworks @loader_path/Frameworks";
				PRODUCT_BUNDLE_IDENTIFIER = "attempt1.Desiree-14120433Tests";
				PRODUCT_NAME = "$(TARGET_NAME)";
				SWIFT_VERSION = 4.0;
				TARGETED_DEVICE_FAMILY = "1,2";
				TEST_HOST = "$(BUILT_PRODUCTS_DIR)/Desiree_14120433.app/Desiree_14120433";
			};
			name = Release;
		};
		A2742DDF2088F49800230255 /* Debug */ = {
			isa = XCBuildConfiguration;
			buildSettings = {
				ALWAYS_EMBED_SWIFT_STANDARD_LIBRARIES = YES;
				CODE_SIGN_STYLE = Automatic;
				INFOPLIST_FILE = Desiree_14120433UITests/Info.plist;
				LD_RUNPATH_SEARCH_PATHS = "$(inherited) @executable_path/Frameworks @loader_path/Frameworks";
				PRODUCT_BUNDLE_IDENTIFIER = "attempt1.Desiree-14120433UITests";
				PRODUCT_NAME = "$(TARGET_NAME)";
				SWIFT_VERSION = 4.0;
				TARGETED_DEVICE_FAMILY = "1,2";
				TEST_TARGET_NAME = Desiree_14120433;
			};
			name = Debug;
		};
		A2742DE02088F49800230255 /* Release */ = {
			isa = XCBuildConfiguration;
			buildSettings = {
				ALWAYS_EMBED_SWIFT_STANDARD_LIBRARIES = YES;
				CODE_SIGN_STYLE = Automatic;
				INFOPLIST_FILE = Desiree_14120433UITests/Info.plist;
				LD_RUNPATH_SEARCH_PATHS = "$(inherited) @executable_path/Frameworks @loader_path/Frameworks";
				PRODUCT_BUNDLE_IDENTIFIER = "attempt1.Desiree-14120433UITests";
				PRODUCT_NAME = "$(TARGET_NAME)";
				SWIFT_VERSION = 4.0;
				TARGETED_DEVICE_FAMILY = "1,2";
				TEST_TARGET_NAME = Desiree_14120433;
			};
			name = Release;
		};
/* End XCBuildConfiguration section */

/* Begin XCConfigurationList section */
		A2742DAB2088F49600230255 /* Build configuration list for PBXProject "Desiree_14120433" */ = {
			isa = XCConfigurationList;
			buildConfigurations = (
				A2742DD62088F49800230255 /* Debug */,
				A2742DD72088F49800230255 /* Release */,
			);
			defaultConfigurationIsVisible = 0;
			defaultConfigurationName = Release;
		};
		A2742DD82088F49800230255 /* Build configuration list for PBXNativeTarget "Desiree_14120433" */ = {
			isa = XCConfigurationList;
			buildConfigurations = (
				A2742DD92088F49800230255 /* Debug */,
				A2742DDA2088F49800230255 /* Release */,
			);
			defaultConfigurationIsVisible = 0;
			defaultConfigurationName = Release;
		};
		A2742DDB2088F49800230255 /* Build configuration list for PBXNativeTarget "Desiree_14120433Tests" */ = {
			isa = XCConfigurationList;
			buildConfigurations = (
				A2742DDC2088F49800230255 /* Debug */,
				A2742DDD2088F49800230255 /* Release */,
			);
			defaultConfigurationIsVisible = 0;
			defaultConfigurationName = Release;
		};
		A2742DDE2088F49800230255 /* Build configuration list for PBXNativeTarget "Desiree_14120433UITests" */ = {
			isa = XCConfigurationList;
			buildConfigurations = (
				A2742DDF2088F49800230255 /* Debug */,
				A2742DE02088F49800230255 /* Release */,
			);
			defaultConfigurationIsVisible = 0;
			defaultConfigurationName = Release;
		};
/* End XCConfigurationList section */
	};
	rootObject = A2742DA82088F49600230255 /* Project object */;
}
